
Microsoft Visual Studio Solution File, Format Version 12.00
# Visual Studio 14
VisualStudioVersion = 14.0.24720.0
MinimumVisualStudioVersion = 10.0.40219.1
Project("{FAE04EC0-301F-11D3-BF4B-00C04F79EFBC}") = "7.1_DATE_EXISTANCE", "7.1_DATE_EXISTANCE\7.1_DATE_EXISTANCE.csproj", "{02118937-A113-44FA-9B00-F05D8E058880}"
EndProject
Project("{FAE04EC0-301F-11D3-BF4B-00C04F79EFBC}") = "7.2_HTML_REPLACER", "7.2_HTML_REPLACER\7.2_HTML_REPLACER.csproj", "{3378B9D0-D2EE-412A-BE9E-47ADFA565747}"
EndProject
Project("{FAE04EC0-301F-11D3-BF4B-00C04F79EFBC}") = "7.3_EMAIL_FINDER", "7.3_EMAIL_FINDER\7.3_EMAIL_FINDER.csproj", "{1F30033F-9E6C-4314-8663-A1270C8271A7}"
EndProject
Project("{FAE04EC0-301F-11D3-BF4B-00C04F79EFBC}") = "7.4_NUMBER_VALIDATOR", "7.4_NUMBER_VALIDATOR\7.4_NUMBER_VALIDATOR.csproj", "{79F79282-8A58-4DB1-A4BA-888AC263AF6B}"
EndProject
Project("{FAE04EC0-301F-11D3-BF4B-00C04F79EFBC}") = "7.5_TIME_COUNTER", "7.5_TIME_COUNTER\7.5_TIME_COUNTER.csproj", "{C1DDD441-903B-42C5-86C4-32A2928CF214}"
EndProject
Global
	GlobalSection(SolutionConfigurationPlatforms) = preSolution
		Debug|Any CPU = Debug|Any CPU
		Release|Any CPU = Release|Any CPU
	EndGlobalSection
	GlobalSection(ProjectConfigurationPlatforms) = postSolution
		{02118937-A113-44FA-9B00-F05D8E058880}.Debug|Any CPU.ActiveCfg = Debug|Any CPU
		{02118937-A113-44FA-9B00-F05D8E058880}.Debug|Any CPU.Build.0 = Debug|Any CPU
		{02118937-A113-44FA-9B00-F05D8E058880}.Release|Any CPU.ActiveCfg = Release|Any CPU
		{02118937-A113-44FA-9B00-F05D8E058880}.Release|Any CPU.Build.0 = Release|Any CPU
		{3378B9D0-D2EE-412A-BE9E-47ADFA565747}.Debug|Any CPU.ActiveCfg = Debug|Any CPU
		{3378B9D0-D2EE-412A-BE9E-47ADFA565747}.Debug|Any CPU.Build.0 = Debug|Any CPU
		{3378B9D0-D2EE-412A-BE9E-47ADFA565747}.Release|Any CPU.ActiveCfg = Release|Any CPU
		{3378B9D0-D2EE-412A-BE9E-47ADFA565747}.Release|Any CPU.Build.0 = Release|Any CPU
		{1F30033F-9E6C-4314-8663-A1270C8271A7}.Debug|Any CPU.ActiveCfg = Debug|Any CPU
		{1F30033F-9E6C-4314-8663-A1270C8271A7}.Debug|Any CPU.Build.0 = Debug|Any CPU
		{1F30033F-9E6C-4314-8663-A1270C8271A7}.Release|Any CPU.ActiveCfg = Release|Any CPU
		{1F30033F-9E6C-4314-8663-A1270C8271A7}.Release|Any CPU.Build.0 = Release|Any CPU
		{79F79282-8A58-4DB1-A4BA-888AC263AF6B}.Debug|Any CPU.ActiveCfg = Debug|Any CPU
		{79F79282-8A58-4DB1-A4BA-888AC263AF6B}.Debug|Any CPU.Build.0 = Debug|Any CPU
		{79F79282-8A58-4DB1-A4BA-888AC263AF6B}.Release|Any CPU.ActiveCfg = Release|Any CPU
		{79F79282-8A58-4DB1-A4BA-888AC263AF6B}.Release|Any CPU.Build.0 = Release|Any CPU
		{C1DDD441-903B-42C5-86C4-32A2928CF214}.Debug|Any CPU.ActiveCfg = Debug|Any CPU
		{C1DDD441-903B-42C5-86C4-32A2928CF214}.Debug|Any CPU.Build.0 = Debug|Any CPU
		{C1DDD441-903B-42C5-86C4-32A2928CF214}.Release|Any CPU.ActiveCfg = Release|Any CPU
		{C1DDD441-903B-42C5-86C4-32A2928CF214}.Release|Any CPU.Build.0 = Release|Any CPU
	EndGlobalSection
	GlobalSection(SolutionProperties) = preSolution
		HideSolutionNode = FALSE
	EndGlobalSection
EndGlobal
